
Microsoft Visual Studio Solution File, Format Version 12.00
# Visual Studio 15
VisualStudioVersion = 15.0.27130.2010
MinimumVisualStudioVersion = 10.0.40219.1
Project("{E24C65DC-7377-472B-9ABA-BC803B73C61A}") = "FlexBoxPractice5", "FlexBoxPractice5\", "{43BD99A7-AABF-442C-BB7F-E46266C0905B}"
	ProjectSection(WebsiteProperties) = preProject
		TargetFrameworkMoniker = ".NETFramework,Version%3Dv4.6.1"
		Debug.AspNetCompiler.VirtualPath = "/localhost_50973"
		Debug.AspNetCompiler.PhysicalPath = "FlexBoxPractice5\"
		Debug.AspNetCompiler.TargetPath = "PrecompiledWeb\localhost_50973\"
		Debug.AspNetCompiler.Updateable = "true"
		Debug.AspNetCompiler.ForceOverwrite = "true"
		Debug.AspNetCompiler.FixedNames = "false"
		Debug.AspNetCompiler.Debug = "True"
		Release.AspNetCompiler.VirtualPath = "/localhost_50973"
		Release.AspNetCompiler.PhysicalPath = "FlexBoxPractice5\"
		Release.AspNetCompiler.TargetPath = "PrecompiledWeb\localhost_50973\"
		Release.AspNetCompiler.Updateable = "true"
		Release.AspNetCompiler.ForceOverwrite = "true"
		Release.AspNetCompiler.FixedNames = "false"
		Release.AspNetCompiler.Debug = "False"
		VWDPort = "50973"
		SlnRelativePath = "FlexBoxPractice5\"
		DefaultWebSiteLanguage = "Visual C#"
	EndProjectSection
EndProject
Global
	GlobalSection(SolutionConfigurationPlatforms) = preSolution
		Debug|Any CPU = Debug|Any CPU
	EndGlobalSection
	GlobalSection(ProjectConfigurationPlatforms) = postSolution
		{43BD99A7-AABF-442C-BB7F-E46266C0905B}.Debug|Any CPU.ActiveCfg = Debug|Any CPU
		{43BD99A7-AABF-442C-BB7F-E46266C0905B}.Debug|Any CPU.Build.0 = Debug|Any CPU
	EndGlobalSection
	GlobalSection(SolutionProperties) = preSolution
		HideSolutionNode = FALSE
	EndGlobalSection
	GlobalSection(ExtensibilityGlobals) = postSolution
		SolutionGuid = {A90E4733-C11D-4E7A-A42E-F20036B6694B}
	EndGlobalSection
EndGlobal
